{
  "name": "cnc",
  "lockfileVersion": 3,
  "requires": true,
  "packages": {
    "": {
      "dependencies": {
        "@appliedengdesign/gcode-reference": "0.0.8"
      }
    },
    "node_modules/@appliedengdesign/gcode-reference": {
      "version": "0.0.8",
      "resolved": "https://registry.npmjs.org/@appliedengdesign/gcode-reference/-/gcode-reference-0.0.8.tgz",
      "integrity": "sha512-ZXA1UymxKJhn4++m9QI1bgjt33zMJZTUw0fDCm9JfbNJq/c+8y3gCq66jFpT3uc6ej6qUsmYQTrOo4O/Eo33Pw==",
      "license": "MIT",
      "funding": {
        "type": "github",
        "url": "https://github.com/sponsors/appliedengdesign"
      }
    }
  }
}
